
Microsoft Visual Studio Solution File, Format Version 12.00
# Visual Studio 15
VisualStudioVersion = 15.0.27703.2035
MinimumVisualStudioVersion = 10.0.40219.1
Project("{2150E333-8FDC-42A3-9474-1A3956D46DE8}") = "src", "src", "{F4469ACB-CF4D-4265-8DE5-85ABA32BB272}"
EndProject
Project("{2150E333-8FDC-42A3-9474-1A3956D46DE8}") = "tests", "tests", "{4AA01F5B-6363-4986-B639-395C4764966A}"
EndProject
Project("{2150E333-8FDC-42A3-9474-1A3956D46DE8}") = "samples", "samples", "{1697E3A9-E85C-45DF-B611-C1B5199B38C7}"
EndProject
Project("{2150E333-8FDC-42A3-9474-1A3956D46DE8}") = "CodeGenerator", "CodeGenerator", "{3CE96807-3554-415F-B196-AB410AC0C773}"
EndProject
Project("{2150E333-8FDC-42A3-9474-1A3956D46DE8}") = "RosbridgeClient", "RosbridgeClient", "{0D9C3C91-BDB0-48E2-9313-F25CBD8278B3}"
EndProject
Project("{9A19103F-16F7-4668-BE54-9A1E7A4F7556}") = "RosbridgeNet.RosbridgeClient.Common", "src\RosbridgeNet.RosbridgeClient.Common\RosbridgeNet.RosbridgeClient.Common.csproj", "{F51CB738-E801-4A3B-9381-A7AED9957130}"
EndProject
Project("{9A19103F-16F7-4668-BE54-9A1E7A4F7556}") = "RosbridgeNet.RosbridgeClient.ProtocolV2", "src\RosbridgeNet.RosbridgeClient.ProtocolV2\RosbridgeNet.RosbridgeClient.ProtocolV2.csproj", "{2D745749-7FE0-44BF-ADDE-8D80A8515687}"
EndProject
Project("{FAE04EC0-301F-11D3-BF4B-00C04F79EFBC}") = "RosbridgeNet.Client.WPF", "samples\RosbridgeNet.Client.WPF\RosbridgeNet.Client.WPF.csproj", "{2A2756A7-1B0F-4257-8F16-E9CB6C74D624}"
EndProject
Project("{FAE04EC0-301F-11D3-BF4B-00C04F79EFBC}") = "RosbridgeNet.Client.Console", "samples\RosbridgeNet.Client.Console\RosbridgeNet.Client.Console.csproj", "{6F3CA7E5-3E29-4DD8-A5CA-E3FFF4A972C6}"
EndProject
Global
	GlobalSection(SolutionConfigurationPlatforms) = preSolution
		Debug|Any CPU = Debug|Any CPU
		Release|Any CPU = Release|Any CPU
	EndGlobalSection
	GlobalSection(ProjectConfigurationPlatforms) = postSolution
		{F51CB738-E801-4A3B-9381-A7AED9957130}.Debug|Any CPU.ActiveCfg = Debug|Any CPU
		{F51CB738-E801-4A3B-9381-A7AED9957130}.Debug|Any CPU.Build.0 = Debug|Any CPU
		{F51CB738-E801-4A3B-9381-A7AED9957130}.Release|Any CPU.ActiveCfg = Release|Any CPU
		{F51CB738-E801-4A3B-9381-A7AED9957130}.Release|Any CPU.Build.0 = Release|Any CPU
		{2D745749-7FE0-44BF-ADDE-8D80A8515687}.Debug|Any CPU.ActiveCfg = Debug|Any CPU
		{2D745749-7FE0-44BF-ADDE-8D80A8515687}.Debug|Any CPU.Build.0 = Debug|Any CPU
		{2D745749-7FE0-44BF-ADDE-8D80A8515687}.Release|Any CPU.ActiveCfg = Release|Any CPU
		{2D745749-7FE0-44BF-ADDE-8D80A8515687}.Release|Any CPU.Build.0 = Release|Any CPU
		{2A2756A7-1B0F-4257-8F16-E9CB6C74D624}.Debug|Any CPU.ActiveCfg = Debug|Any CPU
		{2A2756A7-1B0F-4257-8F16-E9CB6C74D624}.Debug|Any CPU.Build.0 = Debug|Any CPU
		{2A2756A7-1B0F-4257-8F16-E9CB6C74D624}.Release|Any CPU.ActiveCfg = Release|Any CPU
		{2A2756A7-1B0F-4257-8F16-E9CB6C74D624}.Release|Any CPU.Build.0 = Release|Any CPU
		{6F3CA7E5-3E29-4DD8-A5CA-E3FFF4A972C6}.Debug|Any CPU.ActiveCfg = Debug|Any CPU
		{6F3CA7E5-3E29-4DD8-A5CA-E3FFF4A972C6}.Debug|Any CPU.Build.0 = Debug|Any CPU
		{6F3CA7E5-3E29-4DD8-A5CA-E3FFF4A972C6}.Release|Any CPU.ActiveCfg = Release|Any CPU
		{6F3CA7E5-3E29-4DD8-A5CA-E3FFF4A972C6}.Release|Any CPU.Build.0 = Release|Any CPU
	EndGlobalSection
	GlobalSection(SolutionProperties) = preSolution
		HideSolutionNode = FALSE
	EndGlobalSection
	GlobalSection(NestedProjects) = preSolution
		{3CE96807-3554-415F-B196-AB410AC0C773} = {F4469ACB-CF4D-4265-8DE5-85ABA32BB272}
		{0D9C3C91-BDB0-48E2-9313-F25CBD8278B3} = {F4469ACB-CF4D-4265-8DE5-85ABA32BB272}
		{F51CB738-E801-4A3B-9381-A7AED9957130} = {0D9C3C91-BDB0-48E2-9313-F25CBD8278B3}
		{2D745749-7FE0-44BF-ADDE-8D80A8515687} = {0D9C3C91-BDB0-48E2-9313-F25CBD8278B3}
		{2A2756A7-1B0F-4257-8F16-E9CB6C74D624} = {1697E3A9-E85C-45DF-B611-C1B5199B38C7}
		{6F3CA7E5-3E29-4DD8-A5CA-E3FFF4A972C6} = {1697E3A9-E85C-45DF-B611-C1B5199B38C7}
	EndGlobalSection
	GlobalSection(ExtensibilityGlobals) = postSolution
		SolutionGuid = {123AC092-BA2D-4C11-8C16-723D28A7D189}
	EndGlobalSection
EndGlobal
